
Microsoft Visual Studio Solution File, Format Version 12.00
# Visual Studio Version 17
VisualStudioVersion = 17.11.35312.102
MinimumVisualStudioVersion = 10.0.40219.1
Project("{FAE04EC0-301F-11D3-BF4B-00C04F79EFBC}") = "BlazorLabb", "BlazorLabb\BlazorLabb.csproj", "{0E203D77-D878-4790-8FC7-83A6FC34CADE}"
EndProject
Global
	GlobalSection(SolutionConfigurationPlatforms) = preSolution
		Debug|Any CPU = Debug|Any CPU
		Release|Any CPU = Release|Any CPU
	EndGlobalSection
	GlobalSection(ProjectConfigurationPlatforms) = postSolution
		{0E203D77-D878-4790-8FC7-83A6FC34CADE}.Debug|Any CPU.ActiveCfg = Debug|Any CPU
		{0E203D77-D878-4790-8FC7-83A6FC34CADE}.Debug|Any CPU.Build.0 = Debug|Any CPU
		{0E203D77-D878-4790-8FC7-83A6FC34CADE}.Release|Any CPU.ActiveCfg = Release|Any CPU
		{0E203D77-D878-4790-8FC7-83A6FC34CADE}.Release|Any CPU.Build.0 = Release|Any CPU
	EndGlobalSection
	GlobalSection(SolutionProperties) = preSolution
		HideSolutionNode = FALSE
	EndGlobalSection
	GlobalSection(ExtensibilityGlobals) = postSolution
		SolutionGuid = {BD229711-5ECE-46A3-AD61-C766B7066C4C}
	EndGlobalSection
EndGlobal
